// !$*UTF8*$!
{
	archiveVersion = 1;
	classes = {
	};
	objectVersion = 46;
	objects = {

/* Begin PBXBuildFile section */
		BA1EAD621EFBD3EB00CF28B9 /* libChatSDK.a in Frameworks */ = {isa = PBXBuildFile; fileRef = BA1EAD5A1EFBC83300CF28B9 /* libChatSDK.a */; };
		BA1EAD631EFBD3EC00CF28B9 /* libYayaSDKBase.a in Frameworks */ = {isa = PBXBuildFile; fileRef = BA1EAD5B1EFBC83300CF28B9 /* libYayaSDKBase.a */; };
		BA1EAD661EFBDCE200CF28B9 /* Accelerate.framework in Frameworks */ = {isa = PBXBuildFile; fileRef = BA1EAD651EFBDCE200CF28B9 /* Accelerate.framework */; };
		BA1EAD681EFBDCE800CF28B9 /* SystemConfiguration.framework in Frameworks */ = {isa = PBXBuildFile; fileRef = BA1EAD671EFBDCE800CF28B9 /* SystemConfiguration.framework */; };
		BA1EAD6A1EFBDCF600CF28B9 /* CoreTelephony.framework in Frameworks */ = {isa = PBXBuildFile; fileRef = BA1EAD691EFBDCF600CF28B9 /* CoreTelephony.framework */; };
		BA2772C51EEFB8EB00ABF5B2 /* AppDelegate.swift in Sources */ = {isa = PBXBuildFile; fileRef = BA2772C41EEFB8EB00ABF5B2 /* AppDelegate.swift */; };
		BA2772C71EEFB8EB00ABF5B2 /* ViewController.swift in Sources */ = {isa = PBXBuildFile; fileRef = BA2772C61EEFB8EB00ABF5B2 /* ViewController.swift */; };
		BA2772CA1EEFB8EB00ABF5B2 /* Main.storyboard in Resources */ = {isa = PBXBuildFile; fileRef = BA2772C81EEFB8EB00ABF5B2 /* Main.storyboard */; };
		BA2772CD1EEFB8EB00ABF5B2 /* SocialGame.xcdatamodeld in Sources */ = {isa = PBXBuildFile; fileRef = BA2772CB1EEFB8EB00ABF5B2 /* SocialGame.xcdatamodeld */; };
		BA2772CF1EEFB8EB00ABF5B2 /* Assets.xcassets in Resources */ = {isa = PBXBuildFile; fileRef = BA2772CE1EEFB8EB00ABF5B2 /* Assets.xcassets */; };
		BA2772D21EEFB8EB00ABF5B2 /* LaunchScreen.storyboard in Resources */ = {isa = PBXBuildFile; fileRef = BA2772D01EEFB8EB00ABF5B2 /* LaunchScreen.storyboard */; };
		BA2772DC1EEFBB1D00ABF5B2 /* resource in Resources */ = {isa = PBXBuildFile; fileRef = BA2772DB1EEFBB1D00ABF5B2 /* resource */; };
		BA2916831EFB68D1007D819E /* GameHelperController.swift in Sources */ = {isa = PBXBuildFile; fileRef = BA2916821EFB68D1007D819E /* GameHelperController.swift */; };
		BA2916851EFB8A29007D819E /* DeceitGameMiniView.swift in Sources */ = {isa = PBXBuildFile; fileRef = BA2916841EFB8A29007D819E /* DeceitGameMiniView.swift */; };
		BA6C09DD1EF0D98C0029B2E6 /* FriendsSceneController.swift in Sources */ = {isa = PBXBuildFile; fileRef = BA6C09D41EF0D98C0029B2E6 /* FriendsSceneController.swift */; };
		BA6C09DE1EF0D98C0029B2E6 /* MessageSceneController.swift in Sources */ = {isa = PBXBuildFile; fileRef = BA6C09D61EF0D98C0029B2E6 /* MessageSceneController.swift */; };
		BA6C09DF1EF0D98C0029B2E6 /* MineSceneController.swift in Sources */ = {isa = PBXBuildFile; fileRef = BA6C09D81EF0D98C0029B2E6 /* MineSceneController.swift */; };
		BA6C09E01EF0D98C0029B2E6 /* DeceitGameView.swift in Sources */ = {isa = PBXBuildFile; fileRef = BA6C09DA1EF0D98C0029B2E6 /* DeceitGameView.swift */; };
		BA6C09E11EF0D98C0029B2E6 /* GameEntriesView.swift in Sources */ = {isa = PBXBuildFile; fileRef = BA6C09DB1EF0D98C0029B2E6 /* GameEntriesView.swift */; };
		BA6C09E21EF0D98C0029B2E6 /* PlaySceneController.swift in Sources */ = {isa = PBXBuildFile; fileRef = BA6C09DC1EF0D98C0029B2E6 /* PlaySceneController.swift */; };
		BA6C09E41EF107AF0029B2E6 /* FriendsScene.swift in Sources */ = {isa = PBXBuildFile; fileRef = BA6C09E31EF107AF0029B2E6 /* FriendsScene.swift */; };
		BA6C09E61EF107F50029B2E6 /* FriendDetailScreen.swift in Sources */ = {isa = PBXBuildFile; fileRef = BA6C09E51EF107F50029B2E6 /* FriendDetailScreen.swift */; };
		BA6C09EE1EF113F50029B2E6 /* ionicons.ttf in Resources */ = {isa = PBXBuildFile; fileRef = BA6C09ED1EF113F50029B2E6 /* ionicons.ttf */; };
		BA6C09F01EF114100029B2E6 /* IonIconHelper.swift in Sources */ = {isa = PBXBuildFile; fileRef = BA6C09EF1EF114100029B2E6 /* IonIconHelper.swift */; };
		BA6C09F21EF114550029B2E6 /* Ionicons.swift in Sources */ = {isa = PBXBuildFile; fileRef = BA6C09F11EF114550029B2E6 /* Ionicons.swift */; };
		BA6C09F41EF146D50029B2E6 /* AddPersonScreen.swift in Sources */ = {isa = PBXBuildFile; fileRef = BA6C09F31EF146D50029B2E6 /* AddPersonScreen.swift */; };
/* End PBXBuildFile section */

/* Begin PBXFileReference section */
		A8AC049BE5AB7BFF3B535C36 /* Pods_SocialGame.framework */ = {isa = PBXFileReference; explicitFileType = wrapper.framework; includeInIndex = 0; path = Pods_SocialGame.framework; sourceTree = BUILT_PRODUCTS_DIR; };
		BA1EAD511EFBC83300CF28B9 /* MicModeChangeNotify.h */ = {isa = PBXFileReference; fileEncoding = 4; lastKnownFileType = sourcecode.c.h; path = MicModeChangeNotify.h; sourceTree = "<group>"; };
		BA1EAD521EFBC83300CF28B9 /* RichMessageNotify.h */ = {isa = PBXFileReference; fileEncoding = 4; lastKnownFileType = sourcecode.c.h; path = RichMessageNotify.h; sourceTree = "<group>"; };
		BA1EAD531EFBC83300CF28B9 /* TextMessageNotify.h */ = {isa = PBXFileReference; fileEncoding = 4; lastKnownFileType = sourcecode.c.h; path = TextMessageNotify.h; sourceTree = "<group>"; };
		BA1EAD541EFBC83300CF28B9 /* TroopsChangeNotify.h */ = {isa = PBXFileReference; fileEncoding = 4; lastKnownFileType = sourcecode.c.h; path = TroopsChangeNotify.h; sourceTree = "<group>"; };
		BA1EAD551EFBC83300CF28B9 /* UserStateNotify.h */ = {isa = PBXFileReference; fileEncoding = 4; lastKnownFileType = sourcecode.c.h; path = UserStateNotify.h; sourceTree = "<group>"; };
		BA1EAD561EFBC83300CF28B9 /* VoiceMessageNotify.h */ = {isa = PBXFileReference; fileEncoding = 4; lastKnownFileType = sourcecode.c.h; path = VoiceMessageNotify.h; sourceTree = "<group>"; };
		BA1EAD571EFBC83300CF28B9 /* YvAudioTools.h */ = {isa = PBXFileReference; fileEncoding = 4; lastKnownFileType = sourcecode.c.h; path = YvAudioTools.h; sourceTree = "<group>"; };
		BA1EAD581EFBC83300CF28B9 /* YvChatManage.h */ = {isa = PBXFileReference; fileEncoding = 4; lastKnownFileType = sourcecode.c.h; path = YvChatManage.h; sourceTree = "<group>"; };
		BA1EAD591EFBC83300CF28B9 /* YvRecognizerProtocol.h */ = {isa = PBXFileReference; fileEncoding = 4; lastKnownFileType = sourcecode.c.h; path = YvRecognizerProtocol.h; sourceTree = "<group>"; };
		BA1EAD5A1EFBC83300CF28B9 /* libChatSDK.a */ = {isa = PBXFileReference; lastKnownFileType = archive.ar; path = libChatSDK.a; sourceTree = "<group>"; };
		BA1EAD5B1EFBC83300CF28B9 /* libYayaSDKBase.a */ = {isa = PBXFileReference; lastKnownFileType = archive.ar; path = libYayaSDKBase.a; sourceTree = "<group>"; };
		BA1EAD641EFBD6F400CF28B9 /* SocialGame-Swift.h */ = {isa = PBXFileReference; lastKnownFileType = sourcecode.c.h; path = "SocialGame-Swift.h"; sourceTree = "<group>"; };
		BA1EAD651EFBDCE200CF28B9 /* Accelerate.framework */ = {isa = PBXFileReference; lastKnownFileType = wrapper.framework; name = Accelerate.framework; path = System/Library/Frameworks/Accelerate.framework; sourceTree = SDKROOT; };
		BA1EAD671EFBDCE800CF28B9 /* SystemConfiguration.framework */ = {isa = PBXFileReference; lastKnownFileType = wrapper.framework; name = SystemConfiguration.framework; path = System/Library/Frameworks/SystemConfiguration.framework; sourceTree = SDKROOT; };
		BA1EAD691EFBDCF600CF28B9 /* CoreTelephony.framework */ = {isa = PBXFileReference; lastKnownFileType = wrapper.framework; name = CoreTelephony.framework; path = System/Library/Frameworks/CoreTelephony.framework; sourceTree = SDKROOT; };
		BA2772C11EEFB8EB00ABF5B2 /* SocialGame.app */ = {isa = PBXFileReference; explicitFileType = wrapper.application; includeInIndex = 0; path = SocialGame.app; sourceTree = BUILT_PRODUCTS_DIR; };
		BA2772C41EEFB8EB00ABF5B2 /* AppDelegate.swift */ = {isa = PBXFileReference; lastKnownFileType = sourcecode.swift; path = AppDelegate.swift; sourceTree = "<group>"; };
		BA2772C61EEFB8EB00ABF5B2 /* ViewController.swift */ = {isa = PBXFileReference; lastKnownFileType = sourcecode.swift; path = ViewController.swift; sourceTree = "<group>"; };
		BA2772C91EEFB8EB00ABF5B2 /* Base */ = {isa = PBXFileReference; lastKnownFileType = file.storyboard; name = Base; path = Base.lproj/Main.storyboard; sourceTree = "<group>"; };
		BA2772CC1EEFB8EB00ABF5B2 /* SocialGame.xcdatamodel */ = {isa = PBXFileReference; lastKnownFileType = wrapper.xcdatamodel; path = SocialGame.xcdatamodel; sourceTree = "<group>"; };
		BA2772CE1EEFB8EB00ABF5B2 /* Assets.xcassets */ = {isa = PBXFileReference; lastKnownFileType = folder.assetcatalog; path = Assets.xcassets; sourceTree = "<group>"; };
		BA2772D11EEFB8EB00ABF5B2 /* Base */ = {isa = PBXFileReference; lastKnownFileType = file.storyboard; name = Base; path = Base.lproj/LaunchScreen.storyboard; sourceTree = "<group>"; };
		BA2772D31EEFB8EB00ABF5B2 /* Info.plist */ = {isa = PBXFileReference; lastKnownFileType = text.plist.xml; path = Info.plist; sourceTree = "<group>"; };
		BA2772DB1EEFBB1D00ABF5B2 /* resource */ = {isa = PBXFileReference; lastKnownFileType = folder; path = resource; sourceTree = "<group>"; };
		BA2916821EFB68D1007D819E /* GameHelperController.swift */ = {isa = PBXFileReference; fileEncoding = 4; lastKnownFileType = sourcecode.swift; path = GameHelperController.swift; sourceTree = "<group>"; };
		BA2916841EFB8A29007D819E /* DeceitGameMiniView.swift */ = {isa = PBXFileReference; fileEncoding = 4; lastKnownFileType = sourcecode.swift; path = DeceitGameMiniView.swift; sourceTree = "<group>"; };
		BA6C09D41EF0D98C0029B2E6 /* FriendsSceneController.swift */ = {isa = PBXFileReference; fileEncoding = 4; lastKnownFileType = sourcecode.swift; path = FriendsSceneController.swift; sourceTree = "<group>"; };
		BA6C09D61EF0D98C0029B2E6 /* MessageSceneController.swift */ = {isa = PBXFileReference; fileEncoding = 4; lastKnownFileType = sourcecode.swift; path = MessageSceneController.swift; sourceTree = "<group>"; };
		BA6C09D81EF0D98C0029B2E6 /* MineSceneController.swift */ = {isa = PBXFileReference; fileEncoding = 4; lastKnownFileType = sourcecode.swift; path = MineSceneController.swift; sourceTree = "<group>"; };
		BA6C09DA1EF0D98C0029B2E6 /* DeceitGameView.swift */ = {isa = PBXFileReference; fileEncoding = 4; lastKnownFileType = sourcecode.swift; path = DeceitGameView.swift; sourceTree = "<group>"; };
		BA6C09DB1EF0D98C0029B2E6 /* GameEntriesView.swift */ = {isa = PBXFileReference; fileEncoding = 4; lastKnownFileType = sourcecode.swift; path = GameEntriesView.swift; sourceTree = "<group>"; };
		BA6C09DC1EF0D98C0029B2E6 /* PlaySceneController.swift */ = {isa = PBXFileReference; fileEncoding = 4; lastKnownFileType = sourcecode.swift; path = PlaySceneController.swift; sourceTree = "<group>"; };
		BA6C09E31EF107AF0029B2E6 /* FriendsScene.swift */ = {isa = PBXFileReference; fileEncoding = 4; lastKnownFileType = sourcecode.swift; path = FriendsScene.swift; sourceTree = "<group>"; };
		BA6C09E51EF107F50029B2E6 /* FriendDetailScreen.swift */ = {isa = PBXFileReference; fileEncoding = 4; lastKnownFileType = sourcecode.swift; path = FriendDetailScreen.swift; sourceTree = "<group>"; };
		BA6C09ED1EF113F50029B2E6 /* ionicons.ttf */ = {isa = PBXFileReference; lastKnownFileType = file; path = ionicons.ttf; sourceTree = "<group>"; };
		BA6C09EF1EF114100029B2E6 /* IonIconHelper.swift */ = {isa = PBXFileReference; fileEncoding = 4; lastKnownFileType = sourcecode.swift; path = IonIconHelper.swift; sourceTree = "<group>"; };
		BA6C09F11EF114550029B2E6 /* Ionicons.swift */ = {isa = PBXFileReference; fileEncoding = 4; lastKnownFileType = sourcecode.swift; path = Ionicons.swift; sourceTree = "<group>"; };
		BA6C09F31EF146D50029B2E6 /* AddPersonScreen.swift */ = {isa = PBXFileReference; fileEncoding = 4; lastKnownFileType = sourcecode.swift; path = AddPersonScreen.swift; sourceTree = "<group>"; };
/* End PBXFileReference section */

/* Begin PBXFrameworksBuildPhase section */
		BA2772BE1EEFB8EA00ABF5B2 /* Frameworks */ = {
			isa = PBXFrameworksBuildPhase;
			buildActionMask = 2147483647;
			files = (
				BA1EAD6A1EFBDCF600CF28B9 /* CoreTelephony.framework in Frameworks */,
				BA1EAD681EFBDCE800CF28B9 /* SystemConfiguration.framework in Frameworks */,
				BA1EAD661EFBDCE200CF28B9 /* Accelerate.framework in Frameworks */,
				BA1EAD621EFBD3EB00CF28B9 /* libChatSDK.a in Frameworks */,
				BA1EAD631EFBD3EC00CF28B9 /* libYayaSDKBase.a in Frameworks */,
			);
			runOnlyForDeploymentPostprocessing = 0;
		};
/* End PBXFrameworksBuildPhase section */

/* Begin PBXGroup section */
		43D7C106DC183EB65E8B6DFF /* Frameworks */ = {
			isa = PBXGroup;
			children = (
				BA1EAD691EFBDCF600CF28B9 /* CoreTelephony.framework */,
				BA1EAD671EFBDCE800CF28B9 /* SystemConfiguration.framework */,
				BA1EAD651EFBDCE200CF28B9 /* Accelerate.framework */,
				A8AC049BE5AB7BFF3B535C36 /* Pods_SocialGame.framework */,
			);
			name = Frameworks;
			sourceTree = "<group>";
		};
		BA1EAD4E1EFBC83300CF28B9 /* yayaSdk */ = {
			isa = PBXGroup;
			children = (
				BA1EAD4F1EFBC83300CF28B9 /* include */,
				BA1EAD5A1EFBC83300CF28B9 /* libChatSDK.a */,
				BA1EAD5B1EFBC83300CF28B9 /* libYayaSDKBase.a */,
			);
			name = yayaSdk;
			path = ../../yayaSdk;
			sourceTree = "<group>";
		};
		BA1EAD4F1EFBC83300CF28B9 /* include */ = {
			isa = PBXGroup;
			children = (
				BA1EAD501EFBC83300CF28B9 /* Models */,
				BA1EAD571EFBC83300CF28B9 /* YvAudioTools.h */,
				BA1EAD581EFBC83300CF28B9 /* YvChatManage.h */,
				BA1EAD591EFBC83300CF28B9 /* YvRecognizerProtocol.h */,
			);
			path = include;
			sourceTree = "<group>";
		};
		BA1EAD501EFBC83300CF28B9 /* Models */ = {
			isa = PBXGroup;
			children = (
				BA1EAD511EFBC83300CF28B9 /* MicModeChangeNotify.h */,
				BA1EAD521EFBC83300CF28B9 /* RichMessageNotify.h */,
				BA1EAD531EFBC83300CF28B9 /* TextMessageNotify.h */,
				BA1EAD541EFBC83300CF28B9 /* TroopsChangeNotify.h */,
				BA1EAD551EFBC83300CF28B9 /* UserStateNotify.h */,
				BA1EAD561EFBC83300CF28B9 /* VoiceMessageNotify.h */,
			);
			path = Models;
			sourceTree = "<group>";
		};
		BA2772B81EEFB8EA00ABF5B2 = {
			isa = PBXGroup;
			children = (
				BA1EAD641EFBD6F400CF28B9 /* SocialGame-Swift.h */,
				BA2772C31EEFB8EB00ABF5B2 /* SocialGame */,
				BA2772C21EEFB8EB00ABF5B2 /* Products */,
				43D7C106DC183EB65E8B6DFF /* Frameworks */,
			);
			sourceTree = "<group>";
		};
		BA2772C21EEFB8EB00ABF5B2 /* Products */ = {
			isa = PBXGroup;
			children = (
				BA2772C11EEFB8EB00ABF5B2 /* SocialGame.app */,
			);
			name = Products;
			sourceTree = "<group>";
		};
		BA2772C31EEFB8EB00ABF5B2 /* SocialGame */ = {
			isa = PBXGroup;
			children = (
				BA1EAD4E1EFBC83300CF28B9 /* yayaSdk */,
				BA6C09EB1EF113F50029B2E6 /* helper */,
				BA6C09D21EF0D98C0029B2E6 /* scene */,
				BA2772DB1EEFBB1D00ABF5B2 /* resource */,
				BA2772C41EEFB8EB00ABF5B2 /* AppDelegate.swift */,
				BA2772C61EEFB8EB00ABF5B2 /* ViewController.swift */,
				BA2772C81EEFB8EB00ABF5B2 /* Main.storyboard */,
				BA2772CE1EEFB8EB00ABF5B2 /* Assets.xcassets */,
				BA2772D01EEFB8EB00ABF5B2 /* LaunchScreen.storyboard */,
				BA2772D31EEFB8EB00ABF5B2 /* Info.plist */,
				BA2772CB1EEFB8EB00ABF5B2 /* SocialGame.xcdatamodeld */,
			);
			path = SocialGame;
			sourceTree = "<group>";
		};
		BA6C09D21EF0D98C0029B2E6 /* scene */ = {
			isa = PBXGroup;
			children = (
				BA6C09D31EF0D98C0029B2E6 /* friend */,
				BA6C09D51EF0D98C0029B2E6 /* message */,
				BA6C09D71EF0D98C0029B2E6 /* mine */,
				BA6C09D91EF0D98C0029B2E6 /* play */,
			);
			path = scene;
			sourceTree = "<group>";
		};
		BA6C09D31EF0D98C0029B2E6 /* friend */ = {
			isa = PBXGroup;
			children = (
				BA6C09D41EF0D98C0029B2E6 /* FriendsSceneController.swift */,
				BA6C09E31EF107AF0029B2E6 /* FriendsScene.swift */,
				BA6C09E51EF107F50029B2E6 /* FriendDetailScreen.swift */,
				BA6C09F31EF146D50029B2E6 /* AddPersonScreen.swift */,
			);
			path = friend;
			sourceTree = "<group>";
		};
		BA6C09D51EF0D98C0029B2E6 /* message */ = {
			isa = PBXGroup;
			children = (
				BA6C09D61EF0D98C0029B2E6 /* MessageSceneController.swift */,
			);
			path = message;
			sourceTree = "<group>";
		};
		BA6C09D71EF0D98C0029B2E6 /* mine */ = {
			isa = PBXGroup;
			children = (
				BA6C09D81EF0D98C0029B2E6 /* MineSceneController.swift */,
			);
			path = mine;
			sourceTree = "<group>";
		};
		BA6C09D91EF0D98C0029B2E6 /* play */ = {
			isa = PBXGroup;
			children = (
				BA6C09DA1EF0D98C0029B2E6 /* DeceitGameView.swift */,
				BA6C09DB1EF0D98C0029B2E6 /* GameEntriesView.swift */,
				BA6C09DC1EF0D98C0029B2E6 /* PlaySceneController.swift */,
				BA2916821EFB68D1007D819E /* GameHelperController.swift */,
				BA2916841EFB8A29007D819E /* DeceitGameMiniView.swift */,
			);
			path = play;
			sourceTree = "<group>";
		};
		BA6C09EB1EF113F50029B2E6 /* helper */ = {
			isa = PBXGroup;
			children = (
				BA6C09EC1EF113F50029B2E6 /* ionicons */,
			);
			path = helper;
			sourceTree = "<group>";
		};
		BA6C09EC1EF113F50029B2E6 /* ionicons */ = {
			isa = PBXGroup;
			children = (
				BA6C09ED1EF113F50029B2E6 /* ionicons.ttf */,
				BA6C09EF1EF114100029B2E6 /* IonIconHelper.swift */,
				BA6C09F11EF114550029B2E6 /* Ionicons.swift */,
			);
			path = ionicons;
			sourceTree = "<group>";
		};
/* End PBXGroup section */

/* Begin PBXNativeTarget section */
		BA2772C01EEFB8EA00ABF5B2 /* SocialGame */ = {
			isa = PBXNativeTarget;
			buildConfigurationList = BA2772D61EEFB8EB00ABF5B2 /* Build configuration list for PBXNativeTarget "SocialGame" */;
			buildPhases = (
				BA2772BD1EEFB8EA00ABF5B2 /* Sources */,
				BA2772BE1EEFB8EA00ABF5B2 /* Frameworks */,
				BA2772BF1EEFB8EA00ABF5B2 /* Resources */,
			);
			buildRules = (
			);
			dependencies = (
			);
			name = SocialGame;
			productName = SocialGame;
			productReference = BA2772C11EEFB8EB00ABF5B2 /* SocialGame.app */;
			productType = "com.apple.product-type.application";
		};
/* End PBXNativeTarget section */

/* Begin PBXProject section */
		BA2772B91EEFB8EA00ABF5B2 /* Project object */ = {
			isa = PBXProject;
			attributes = {
				LastSwiftUpdateCheck = 0830;
				LastUpgradeCheck = 0830;
				ORGANIZATIONNAME = "刘毅";
				TargetAttributes = {
					BA2772C01EEFB8EA00ABF5B2 = {
						CreatedOnToolsVersion = 8.3.3;
						DevelopmentTeam = BX9G65C6W8;
						ProvisioningStyle = Automatic;
					};
				};
			};
			buildConfigurationList = BA2772BC1EEFB8EA00ABF5B2 /* Build configuration list for PBXProject "SocialGame" */;
			compatibilityVersion = "Xcode 3.2";
			developmentRegion = English;
			hasScannedForEncodings = 0;
			knownRegions = (
				en,
				Base,
			);
			mainGroup = BA2772B81EEFB8EA00ABF5B2;
			productRefGroup = BA2772C21EEFB8EB00ABF5B2 /* Products */;
			projectDirPath = "";
			projectRoot = "";
			targets = (
				BA2772C01EEFB8EA00ABF5B2 /* SocialGame */,
			);
		};
/* End PBXProject section */

/* Begin PBXResourcesBuildPhase section */
		BA2772BF1EEFB8EA00ABF5B2 /* Resources */ = {
			isa = PBXResourcesBuildPhase;
			buildActionMask = 2147483647;
			files = (
				BA2772DC1EEFBB1D00ABF5B2 /* resource in Resources */,
				BA6C09EE1EF113F50029B2E6 /* ionicons.ttf in Resources */,
				BA2772D21EEFB8EB00ABF5B2 /* LaunchScreen.storyboard in Resources */,
				BA2772CF1EEFB8EB00ABF5B2 /* Assets.xcassets in Resources */,
				BA2772CA1EEFB8EB00ABF5B2 /* Main.storyboard in Resources */,
			);
			runOnlyForDeploymentPostprocessing = 0;
		};
/* End PBXResourcesBuildPhase section */

/* Begin PBXSourcesBuildPhase section */
		BA2772BD1EEFB8EA00ABF5B2 /* Sources */ = {
			isa = PBXSourcesBuildPhase;
			buildActionMask = 2147483647;
			files = (
				BA6C09F41EF146D50029B2E6 /* AddPersonScreen.swift in Sources */,
				BA6C09DD1EF0D98C0029B2E6 /* FriendsSceneController.swift in Sources */,
				BA6C09F01EF114100029B2E6 /* IonIconHelper.swift in Sources */,
				BA2916851EFB8A29007D819E /* DeceitGameMiniView.swift in Sources */,
				BA2772C71EEFB8EB00ABF5B2 /* ViewController.swift in Sources */,
				BA6C09F21EF114550029B2E6 /* Ionicons.swift in Sources */,
				BA6C09E01EF0D98C0029B2E6 /* DeceitGameView.swift in Sources */,
				BA2772CD1EEFB8EB00ABF5B2 /* SocialGame.xcdatamodeld in Sources */,
				BA6C09E41EF107AF0029B2E6 /* FriendsScene.swift in Sources */,
				BA2772C51EEFB8EB00ABF5B2 /* AppDelegate.swift in Sources */,
				BA6C09E61EF107F50029B2E6 /* FriendDetailScreen.swift in Sources */,
				BA2916831EFB68D1007D819E /* GameHelperController.swift in Sources */,
				BA6C09DE1EF0D98C0029B2E6 /* MessageSceneController.swift in Sources */,
				BA6C09E11EF0D98C0029B2E6 /* GameEntriesView.swift in Sources */,
				BA6C09DF1EF0D98C0029B2E6 /* MineSceneController.swift in Sources */,
				BA6C09E21EF0D98C0029B2E6 /* PlaySceneController.swift in Sources */,
			);
			runOnlyForDeploymentPostprocessing = 0;
		};
/* End PBXSourcesBuildPhase section */

/* Begin PBXVariantGroup section */
		BA2772C81EEFB8EB00ABF5B2 /* Main.storyboard */ = {
			isa = PBXVariantGroup;
			children = (
				BA2772C91EEFB8EB00ABF5B2 /* Base */,
			);
			name = Main.storyboard;
			sourceTree = "<group>";
		};
		BA2772D01EEFB8EB00ABF5B2 /* LaunchScreen.storyboard */ = {
			isa = PBXVariantGroup;
			children = (
				BA2772D11EEFB8EB00ABF5B2 /* Base */,
			);
			name = LaunchScreen.storyboard;
			sourceTree = "<group>";
		};
/* End PBXVariantGroup section */

/* Begin XCBuildConfiguration section */
		BA2772D41EEFB8EB00ABF5B2 /* Debug */ = {
			isa = XCBuildConfiguration;
			buildSettings = {
				ALWAYS_SEARCH_USER_PATHS = NO;
				CLANG_ANALYZER_NONNULL = YES;
				CLANG_ANALYZER_NUMBER_OBJECT_CONVERSION = YES_AGGRESSIVE;
				CLANG_CXX_LANGUAGE_STANDARD = "gnu++0x";
				CLANG_CXX_LIBRARY = "libc++";
				CLANG_ENABLE_MODULES = YES;
				CLANG_ENABLE_OBJC_ARC = YES;
				CLANG_WARN_BOOL_CONVERSION = YES;
				CLANG_WARN_CONSTANT_CONVERSION = YES;
				CLANG_WARN_DIRECT_OBJC_ISA_USAGE = YES_ERROR;
				CLANG_WARN_DOCUMENTATION_COMMENTS = YES;
				CLANG_WARN_EMPTY_BODY = YES;
				CLANG_WARN_ENUM_CONVERSION = YES;
				CLANG_WARN_INFINITE_RECURSION = YES;
				CLANG_WARN_INT_CONVERSION = YES;
				CLANG_WARN_OBJC_ROOT_CLASS = YES_ERROR;
				CLANG_WARN_SUSPICIOUS_MOVE = YES;
				CLANG_WARN_UNREACHABLE_CODE = YES;
				CLANG_WARN__DUPLICATE_METHOD_MATCH = YES;
				"CODE_SIGN_IDENTITY[sdk=iphoneos*]" = "iPhone Developer";
				COPY_PHASE_STRIP = NO;
				DEBUG_INFORMATION_FORMAT = dwarf;
				ENABLE_STRICT_OBJC_MSGSEND = YES;
				ENABLE_TESTABILITY = YES;
				GCC_C_LANGUAGE_STANDARD = gnu99;
				GCC_DYNAMIC_NO_PIC = NO;
				GCC_NO_COMMON_BLOCKS = YES;
				GCC_OPTIMIZATION_LEVEL = 0;
				GCC_PREPROCESSOR_DEFINITIONS = (
					"DEBUG=1",
					"$(inherited)",
				);
				GCC_WARN_64_TO_32_BIT_CONVERSION = YES;
				GCC_WARN_ABOUT_RETURN_TYPE = YES_ERROR;
				GCC_WARN_UNDECLARED_SELECTOR = YES;
				GCC_WARN_UNINITIALIZED_AUTOS = YES_AGGRESSIVE;
				GCC_WARN_UNUSED_FUNCTION = YES;
				GCC_WARN_UNUSED_VARIABLE = YES;
				IPHONEOS_DEPLOYMENT_TARGET = 10.3;
				MTL_ENABLE_DEBUG_INFO = YES;
				ONLY_ACTIVE_ARCH = YES;
				SDKROOT = iphoneos;
				SWIFT_ACTIVE_COMPILATION_CONDITIONS = DEBUG;
				SWIFT_OPTIMIZATION_LEVEL = "-Onone";
			};
			name = Debug;
		};
		BA2772D51EEFB8EB00ABF5B2 /* Release */ = {
			isa = XCBuildConfiguration;
			buildSettings = {
				ALWAYS_SEARCH_USER_PATHS = NO;
				CLANG_ANALYZER_NONNULL = YES;
				CLANG_ANALYZER_NUMBER_OBJECT_CONVERSION = YES_AGGRESSIVE;
				CLANG_CXX_LANGUAGE_STANDARD = "gnu++0x";
				CLANG_CXX_LIBRARY = "libc++";
				CLANG_ENABLE_MODULES = YES;
				CLANG_ENABLE_OBJC_ARC = YES;
				CLANG_WARN_BOOL_CONVERSION = YES;
				CLANG_WARN_CONSTANT_CONVERSION = YES;
				CLANG_WARN_DIRECT_OBJC_ISA_USAGE = YES_ERROR;
				CLANG_WARN_DOCUMENTATION_COMMENTS = YES;
				CLANG_WARN_EMPTY_BODY = YES;
				CLANG_WARN_ENUM_CONVERSION = YES;
				CLANG_WARN_INFINITE_RECURSION = YES;
				CLANG_WARN_INT_CONVERSION = YES;
				CLANG_WARN_OBJC_ROOT_CLASS = YES_ERROR;
				CLANG_WARN_SUSPICIOUS_MOVE = YES;
				CLANG_WARN_UNREACHABLE_CODE = YES;
				CLANG_WARN__DUPLICATE_METHOD_MATCH = YES;
				"CODE_SIGN_IDENTITY[sdk=iphoneos*]" = "iPhone Developer";
				COPY_PHASE_STRIP = NO;
				DEBUG_INFORMATION_FORMAT = "dwarf-with-dsym";
				ENABLE_NS_ASSERTIONS = NO;
				ENABLE_STRICT_OBJC_MSGSEND = YES;
				GCC_C_LANGUAGE_STANDARD = gnu99;
				GCC_NO_COMMON_BLOCKS = YES;
				GCC_WARN_64_TO_32_BIT_CONVERSION = YES;
				GCC_WARN_ABOUT_RETURN_TYPE = YES_ERROR;
				GCC_WARN_UNDECLARED_SELECTOR = YES;
				GCC_WARN_UNINITIALIZED_AUTOS = YES_AGGRESSIVE;
				GCC_WARN_UNUSED_FUNCTION = YES;
				GCC_WARN_UNUSED_VARIABLE = YES;
				IPHONEOS_DEPLOYMENT_TARGET = 10.3;
				MTL_ENABLE_DEBUG_INFO = NO;
				SDKROOT = iphoneos;
				SWIFT_OPTIMIZATION_LEVEL = "-Owholemodule";
				VALIDATE_PRODUCT = YES;
			};
			name = Release;
		};
		BA2772D71EEFB8EB00ABF5B2 /* Debug */ = {
			isa = XCBuildConfiguration;
			buildSettings = {
				ASSETCATALOG_COMPILER_APPICON_NAME = AppIcon;
				DEVELOPMENT_TEAM = BX9G65C6W8;
				INFOPLIST_FILE = SocialGame/Info.plist;
				LD_RUNPATH_SEARCH_PATHS = "$(inherited) @executable_path/Frameworks";
				LIBRARY_SEARCH_PATHS = /Developer/Project/yayaSdk;
				PRODUCT_BUNDLE_IDENTIFIER = com.doopp.ios.SocialGame;
				PRODUCT_NAME = "$(TARGET_NAME)";
				SWIFT_OBJC_BRIDGING_HEADER = "SocialGame-Swift.h";
				SWIFT_OBJC_INTERFACE_HEADER_NAME = "";
				SWIFT_VERSION = 3.0;
			};
			name = Debug;
		};
		BA2772D81EEFB8EB00ABF5B2 /* Release */ = {
			isa = XCBuildConfiguration;
			buildSettings = {
				ASSETCATALOG_COMPILER_APPICON_NAME = AppIcon;
				DEVELOPMENT_TEAM = BX9G65C6W8;
				INFOPLIST_FILE = SocialGame/Info.plist;
				LD_RUNPATH_SEARCH_PATHS = "$(inherited) @executable_path/Frameworks";
				LIBRARY_SEARCH_PATHS = /Developer/Project/yayaSdk;
				PRODUCT_BUNDLE_IDENTIFIER = com.doopp.ios.SocialGame;
				PRODUCT_NAME = "$(TARGET_NAME)";
				SWIFT_OBJC_BRIDGING_HEADER = "SocialGame-Swift.h";
				SWIFT_OBJC_INTERFACE_HEADER_NAME = "";
				SWIFT_VERSION = 3.0;
			};
			name = Release;
		};
/* End XCBuildConfiguration section */

/* Begin XCConfigurationList section */
		BA2772BC1EEFB8EA00ABF5B2 /* Build configuration list for PBXProject "SocialGame" */ = {
			isa = XCConfigurationList;
			buildConfigurations = (
				BA2772D41EEFB8EB00ABF5B2 /* Debug */,
				BA2772D51EEFB8EB00ABF5B2 /* Release */,
			);
			defaultConfigurationIsVisible = 0;
			defaultConfigurationName = Release;
		};
		BA2772D61EEFB8EB00ABF5B2 /* Build configuration list for PBXNativeTarget "SocialGame" */ = {
			isa = XCConfigurationList;
			buildConfigurations = (
				BA2772D71EEFB8EB00ABF5B2 /* Debug */,
				BA2772D81EEFB8EB00ABF5B2 /* Release */,
			);
			defaultConfigurationIsVisible = 0;
			defaultConfigurationName = Release;
		};
/* End XCConfigurationList section */

/* Begin XCVersionGroup section */
		BA2772CB1EEFB8EB00ABF5B2 /* SocialGame.xcdatamodeld */ = {
			isa = XCVersionGroup;
			children = (
				BA2772CC1EEFB8EB00ABF5B2 /* SocialGame.xcdatamodel */,
			);
			currentVersion = BA2772CC1EEFB8EB00ABF5B2 /* SocialGame.xcdatamodel */;
			path = SocialGame.xcdatamodeld;
			sourceTree = "<group>";
			versionGroupType = wrapper.xcdatamodel;
		};
/* End XCVersionGroup section */
	};
	rootObject = BA2772B91EEFB8EA00ABF5B2 /* Project object */;
}
